<Solution>
  <Folder Name="/sample/">
    <File Path="sample/Directory.Build.props" />
    <Project Path="sample/App/CS2Launcher.Sample.App.csproj" />
    <Project Path="sample/Launcher/CS2Launcher.Sample.Launcher.csproj" />
  </Folder>
  <Folder Name="/src/">
    <File Path="src/Directory.Build.props" />
    <File Path="src/Directory.Build.targets" />
    <Project Path="src/App/CS2Launcher.AspNetCore.App.csproj" />
    <Project Path="src/Launcher/CS2Launcher.AspNetCore.Launcher.csproj" />
  </Folder>
</Solution>
