{
  "version": 1,
  "dependencies": {
    "net10.0": {
      "AspNet.Security.OpenId.Steam": {
        "type": "Direct",
        "requested": "[10.0.0, )",
        "resolved": "10.0.0",
        "contentHash": "uZfwHLOPqerIEdnVGTzGQzZA6CSAJug2lMr3SFQWnw55mgPmywUC2/RP1QSpBbXwq4PWZGUUakaoPT+6eX8JDQ==",
        "dependencies": {
          "AngleSharp": "1.3.0",
          "AspNet.Security.OpenId": "10.0.0",
          "Microsoft.IdentityModel.Protocols": "8.14.0"
        }
      },
      "Microsoft.AspNetCore.Components.WebAssembly.Server": {
        "type": "Direct",
        "requested": "[10.0.1, )",
        "resolved": "10.0.1",
        "contentHash": "fl9r0e2VGWcMgwBlGGVUFv84o8k1X6pxh9X3Ph6f5/hU8feqFpeqC9K9OrBXd7JhMD49GoLOl5jZW3pdp+9Fog==",
        "dependencies": {
          "Microsoft.AspNetCore.Components.WebAssembly": "10.0.1"
        }
      },
      "Microsoft.Extensions.Diagnostics.HealthChecks.Common": {
        "type": "Direct",
        "requested": "[10.1.0, )",
        "resolved": "10.1.0",
        "contentHash": "zri+Lc7x0ud/P55PIfiwsv9ZJd6sMTdCkN+hzzsrYXYQZ0qVOHOcS9DTj+hRlD9Kpcpstyn0w0ApsVjgwfzkQQ==",
        "dependencies": {
          "Microsoft.Extensions.Telemetry.Abstractions": "10.1.0"
        }
      },
      "Microsoft.SourceLink.GitHub": {
        "type": "Direct",
        "requested": "[8.0.0, )",
        "resolved": "8.0.0",
        "contentHash": "G5q7OqtwIyGTkeIOAc3u2ZuV/kicQaec5EaRnc0pIeSnh9LUjj+PYQrJYBURvDt7twGl2PKA7nSN0kz1Zw5bnQ==",
        "dependencies": {
          "Microsoft.Build.Tasks.Git": "8.0.0",
          "Microsoft.SourceLink.Common": "8.0.0"
        }
      },
      "MinVer": {
        "type": "Direct",
        "requested": "[6.1.0, )",
        "resolved": "6.1.0",
        "contentHash": "dGyb6EBQ87AhyagcXslfDGL/A+xbNtRD23CBjXoKo82TvjHqF2BBz61B6EBx/S117KUMB1PEUpRLrHcu6UjOhg=="
      },
      "Racoon.Extensions.CounterStrike": {
        "type": "Direct",
        "requested": "[1.1.1, )",
        "resolved": "1.1.1",
        "contentHash": "nnvTu4QAazEoUetugU3MbKBWPXo2UIAtvqHfSTR9bHz4aHrMjzPEOK+XN/2eP2sExYpqILpge6OFOdIJoSn5RA==",
        "dependencies": {
          "Racoon": "1.1.1"
        }
      },
      "AngleSharp": {
        "type": "Transitive",
        "resolved": "1.3.0",
        "contentHash": "iHzfn4cK6CmhuURNdEpmSQCq5/HZFldEpkbnmqT9My8+6l2Sz3F+NxoqRA8z/jTkWB+SAu5boRdp4v/WtyjuIQ=="
      },
      "AspNet.Security.OpenId": {
        "type": "Transitive",
        "resolved": "10.0.0",
        "contentHash": "0HBhxme85NKRcN6bVGAoPffuGmXTt3ojYfZWPJvb/5i4szKbysdQYvHpFc88M2C51QwR/wEsQJ3SKzIeO1pXvg==",
        "dependencies": {
          "AngleSharp": "1.3.0",
          "Microsoft.IdentityModel.Protocols": "8.14.0"
        }
      },
      "ESCd.Extensions.Http": {
        "type": "Transitive",
        "resolved": "1.1.3",
        "contentHash": "4C6aQ9jgxmqeVpbnrM4EFb63dmPsZqBkOkDBdw67b3RnVJtIvlcPE5EcKioIuoSfWqww4wD82eXEBkTbx53vLg==",
        "dependencies": {
          "Microsoft.IO.RecyclableMemoryStream": "3.0.1"
        }
      },
      "Microsoft.AspNetCore.Components.WebAssembly": {
        "type": "Transitive",
        "resolved": "10.0.1",
        "contentHash": "qh5mkVhHCv/fxPl8XCIwx+ea9uLeTbbVs2rzgvWkWX0EgYLITEEH3AbX6OuvDW8UQVETjio2UZOh6JDAO2A4Lw==",
        "dependencies": {
          "Microsoft.JSInterop.WebAssembly": "10.0.1"
        }
      },
      "Microsoft.AspNetCore.Http.Connections.Client": {
        "type": "Transitive",
        "resolved": "10.0.1",
        "contentHash": "+6lrifIZCL1heJtLugtkqEa191BIfUkhyAnBORbHg1eg4Vl+ijsxAzyOZxQTZbVMSJHKQCQFTEKf6H+YpSDWjA=="
      },
      "Microsoft.AspNetCore.SignalR.Client": {
        "type": "Transitive",
        "resolved": "10.0.1",
        "contentHash": "mGlS8W2siQaJVVId2VGQ0I+7Lj49oqFxsb/bIil7GBNeazB6fBP8Ljf5tZUNzUN9WdQU5aI85WXCW9+Fsx2dZQ==",
        "dependencies": {
          "Microsoft.AspNetCore.Http.Connections.Client": "10.0.1",
          "Microsoft.AspNetCore.SignalR.Client.Core": "10.0.1"
        }
      },
      "Microsoft.AspNetCore.SignalR.Client.Core": {
        "type": "Transitive",
        "resolved": "10.0.1",
        "contentHash": "lkPaGkCtVibYBzUzO8gTGsX39L5XeZl8KArueePWMYqs6c2G58ch4fmKL0qMRqsFQ84uqd+5uOJ96dClusC+IQ=="
      },
      "Microsoft.Build.Tasks.Git": {
        "type": "Transitive",
        "resolved": "8.0.0",
        "contentHash": "bZKfSIKJRXLTuSzLudMFte/8CempWjVamNUR5eHJizsy+iuOuO/k2gnh7W0dHJmYY0tBf+gUErfluCv5mySAOQ=="
      },
      "Microsoft.Extensions.AmbientMetadata.Application": {
        "type": "Transitive",
        "resolved": "10.1.0",
        "contentHash": "+T2Ax2fgw7T7nlhio+ZtgSyYGfevHCOXNPqO0vxA+f2HmbtfwAnIwHEE/jm1/4uFRDDP8PEENpxAhbucg+wUWg=="
      },
      "Microsoft.Extensions.Compliance.Abstractions": {
        "type": "Transitive",
        "resolved": "10.1.0",
        "contentHash": "M3JWrgZMkVzyEybZzNkTiC/e8U1ipXTi8xm8bj+PHHp4AcEmhmIEqnxRS0VHVCKZjLkOPt2hY2CIisUFQ6gqLA=="
      },
      "Microsoft.Extensions.DependencyInjection.AutoActivation": {
        "type": "Transitive",
        "resolved": "10.1.0",
        "contentHash": "O052pqWkdVNXaj3n9E4x6nLL7sG860434gLh7XHhFp/KpyAY9/rCk9NJUinYfQnDkAA8UgCHimVZz+lTjnEwzQ=="
      },
      "Microsoft.Extensions.Diagnostics.ExceptionSummarization": {
        "type": "Transitive",
        "resolved": "10.1.0",
        "contentHash": "Q76peCoP6vXXf95RLFeMGzcaQs8l3lk+n/ZOTi2i+OLd3R0HzzB0Fswjua4NY1viIbA1s6l1mqRjQbxY7+Jylw=="
      },
      "Microsoft.Extensions.Http.Diagnostics": {
        "type": "Transitive",
        "resolved": "10.1.0",
        "contentHash": "RA1Egggf5o7/5AI5TIxOmmV7T06X2jvA9nSlJazU++X/pgu48EDAjDflTq/+kAk0FHUm9ZpAiBVdWfOP2opAbQ==",
        "dependencies": {
          "Microsoft.Extensions.Telemetry": "10.1.0"
        }
      },
      "Microsoft.Extensions.Http.Resilience": {
        "type": "Transitive",
        "resolved": "10.1.0",
        "contentHash": "rwDoQBB93yQjd1XtcZBnOLRX23LW7Z49TIAp1sn7i2r/pW3y4iB8E+EEL0ZyOPuEZxT9xEVN9y39KWlG1FDPkQ==",
        "dependencies": {
          "Microsoft.Extensions.Http.Diagnostics": "10.1.0",
          "Microsoft.Extensions.Resilience": "10.1.0"
        }
      },
      "Microsoft.Extensions.Resilience": {
        "type": "Transitive",
        "resolved": "10.1.0",
        "contentHash": "NzA+c4m2q92qZPjiZLFm+ToeQC3KFqzP+Dr/1pV5y9d7H/hDM2Yxno0kcw5DGpSvS0s6Pwsp+FWMdk/kXBPZ7g==",
        "dependencies": {
          "Microsoft.Extensions.Diagnostics.ExceptionSummarization": "10.1.0",
          "Microsoft.Extensions.Telemetry.Abstractions": "10.1.0",
          "Polly.Extensions": "8.4.2",
          "Polly.RateLimiting": "8.4.2"
        }
      },
      "Microsoft.Extensions.Telemetry": {
        "type": "Transitive",
        "resolved": "10.1.0",
        "contentHash": "OFnpwOBRZZXMMySvM7eJsEQ87ED5SaRbxHg/an1u89MWHw0mXUUbx5WPb5XFN0uS8kJPe6M+ZMRYwRP0nJeDPA==",
        "dependencies": {
          "Microsoft.Extensions.AmbientMetadata.Application": "10.1.0",
          "Microsoft.Extensions.DependencyInjection.AutoActivation": "10.1.0",
          "Microsoft.Extensions.Telemetry.Abstractions": "10.1.0"
        }
      },
      "Microsoft.Extensions.Telemetry.Abstractions": {
        "type": "Transitive",
        "resolved": "10.1.0",
        "contentHash": "0jAF2b0YJ1LOtunmo3PzSoJOx/ThhcGH5Y5kaV0jeM0BUlyr9orjg+fH5YabqnPSmwcN/DSTj0iZ7UwDISn5ag==",
        "dependencies": {
          "Microsoft.Extensions.Compliance.Abstractions": "10.1.0"
        }
      },
      "Microsoft.IdentityModel.Abstractions": {
        "type": "Transitive",
        "resolved": "8.14.0",
        "contentHash": "iwbCpSjD3ehfTwBhtSNEtKPK0ICun6ov7Ibx6ISNA9bfwIyzI2Siwyi9eJFCJBwxowK9xcA1mj+jBWiigeqgcQ=="
      },
      "Microsoft.IdentityModel.Logging": {
        "type": "Transitive",
        "resolved": "8.14.0",
        "contentHash": "eqqnemdW38CKZEHS6diA50BV94QICozDZEvSrsvN3SJXUFwVB9gy+/oz76gldP7nZliA16IglXjXTCTdmU/Ejg==",
        "dependencies": {
          "Microsoft.IdentityModel.Abstractions": "8.14.0"
        }
      },
      "Microsoft.IdentityModel.Protocols": {
        "type": "Transitive",
        "resolved": "8.14.0",
        "contentHash": "rLr9HmibIpwkrOnsYyF3SGKx+6q2ewKDc3xzITngydqflG3TDVqAaby7yFRbP8du43If2S44fseoAkaL8A0Ivg==",
        "dependencies": {
          "Microsoft.IdentityModel.Tokens": "8.14.0"
        }
      },
      "Microsoft.IdentityModel.Tokens": {
        "type": "Transitive",
        "resolved": "8.14.0",
        "contentHash": "lKIZiBiGd36k02TCdMHp1KlNWisyIvQxcYJvIkz7P4gSQ9zi8dgh6S5Grj8NNG7HWYIPfQymGyoZ6JB5d1Lo1g==",
        "dependencies": {
          "Microsoft.IdentityModel.Logging": "8.14.0"
        }
      },
      "Microsoft.IO.RecyclableMemoryStream": {
        "type": "Transitive",
        "resolved": "3.0.1",
        "contentHash": "s/s20YTVY9r9TPfTrN5g8zPF1YhwxyqO6PxUkrYTGI2B+OGPe9AdajWZrLhFqXIvqIW23fnUE4+ztrUWNU1+9g=="
      },
      "Microsoft.JSInterop.WebAssembly": {
        "type": "Transitive",
        "resolved": "10.0.1",
        "contentHash": "oIkAEHUSFduhX7scm0+RXODv7FtA/D0KaGW0dPmO1W6LL//VLHjS+pzhpgsS6fBQ+RZfOEFaTLkZewqi6xt8rw=="
      },
      "Microsoft.SourceLink.Common": {
        "type": "Transitive",
        "resolved": "8.0.0",
        "contentHash": "dk9JPxTCIevS75HyEQ0E4OVAFhB2N+V9ShCXf8Q6FkUQZDkgLI12y679Nym1YqsiSysuQskT7Z+6nUf3yab6Vw=="
      },
      "Polly.Core": {
        "type": "Transitive",
        "resolved": "8.4.2",
        "contentHash": "BpE2I6HBYYA5tF0Vn4eoQOGYTYIK1BlF5EXVgkWGn3mqUUjbXAr13J6fZVbp7Q3epRR8yshacBMlsHMhpOiV3g=="
      },
      "Polly.Extensions": {
        "type": "Transitive",
        "resolved": "8.4.2",
        "contentHash": "GZ9vRVmR0jV2JtZavt+pGUsQ1O1cuRKG7R7VOZI6ZDy9y6RNPvRvXK1tuS4ffUrv8L0FTea59oEuQzgS0R7zSA==",
        "dependencies": {
          "Polly.Core": "8.4.2"
        }
      },
      "Polly.RateLimiting": {
        "type": "Transitive",
        "resolved": "8.4.2",
        "contentHash": "ehTImQ/eUyO07VYW2WvwSmU9rRH200SKJ/3jku9rOkyWE0A2JxNFmAVms8dSn49QLSjmjFRRSgfNyOgr/2PSmA==",
        "dependencies": {
          "Polly.Core": "8.4.2"
        }
      },
      "Racoon": {
        "type": "Transitive",
        "resolved": "1.1.1",
        "contentHash": "8R7AYfYDdBn+aN90GI6kNC/E6SIMPhPhOrcIReEitUP6z+MyEqwJLJwMfArjdBPlBULRzyTCkN+FijlrH73lrQ==",
        "dependencies": {
          "Racoon.Parsers": "1.1.1"
        }
      },
      "Racoon.Parsers": {
        "type": "Transitive",
        "resolved": "1.1.1",
        "contentHash": "6xDJsAGhYlae5jS5tkho//JIipqYrnLMBADQAUWhy9NzsZQfyaSOJnDFNNvfnx8AnHFqMqo/zgcFJq6uVWxeOQ=="
      },
      "cs2launcher.aspnetcore.app": {
        "type": "Project",
        "dependencies": {
          "ESCd.Extensions.Http": "[1.1.3, )",
          "Microsoft.AspNetCore.Components.WebAssembly": "[10.0.1, )",
          "Microsoft.AspNetCore.SignalR.Client": "[10.0.1, )",
          "Microsoft.Extensions.Http.Resilience": "[10.1.0, )"
        }
      }
    }
  }
}