{
  "version": 1,
  "dependencies": {
    "net8.0": {
      "Microsoft.DotNet.ILCompiler": {
        "type": "Direct",
        "requested": "[8.0.4, )",
        "resolved": "8.0.4",
        "contentHash": "bVK6XD5E/BpkPmdrx99ZkloZZX3nOvTAcW+W6jW4cs8elWlLFAc9BXHk2esxSVHMiaCLiLdIJAyhUfhV50TW+Q=="
      },
      "Microsoft.NET.ILLink.Tasks": {
        "type": "Direct",
        "requested": "[8.0.4, )",
        "resolved": "8.0.4",
        "contentHash": "PZb5nfQ+U19nhnmnR9T1jw+LTmozhuG2eeuzuW5A7DqxD/UXW2ucjmNJqnqOuh8rdPzM3MQXoF8AfFCedJdCUw=="
      },
      "cs2launcher.aspnetcore.launcher": {
        "type": "Project"
      }
    },
    "net8.0/linux-x64": {
      "Microsoft.DotNet.ILCompiler": {
        "type": "Direct",
        "requested": "[8.0.4, )",
        "resolved": "8.0.4",
        "contentHash": "bVK6XD5E/BpkPmdrx99ZkloZZX3nOvTAcW+W6jW4cs8elWlLFAc9BXHk2esxSVHMiaCLiLdIJAyhUfhV50TW+Q==",
        "dependencies": {
          "runtime.linux-x64.Microsoft.DotNet.ILCompiler": "8.0.4"
        }
      },
      "runtime.linux-x64.Microsoft.DotNet.ILCompiler": {
        "type": "Transitive",
        "resolved": "8.0.4",
        "contentHash": "SQ0McYt+iC6i5wMYIkW8hUlTGh5eFJgMiASG7HsOFyrv9DZnztUzIalN+MKwn8MdSoHE94bON4AC0VG8FjjqQA=="
      }
    },
    "net8.0/win-x64": {
      "Microsoft.DotNet.ILCompiler": {
        "type": "Direct",
        "requested": "[8.0.4, )",
        "resolved": "8.0.4",
        "contentHash": "bVK6XD5E/BpkPmdrx99ZkloZZX3nOvTAcW+W6jW4cs8elWlLFAc9BXHk2esxSVHMiaCLiLdIJAyhUfhV50TW+Q==",
        "dependencies": {
          "runtime.win-x64.Microsoft.DotNet.ILCompiler": "8.0.4"
        }
      },
      "runtime.win-x64.Microsoft.DotNet.ILCompiler": {
        "type": "Transitive",
        "resolved": "8.0.4",
        "contentHash": "jOBAHB9NiCdVUrNoJMkDjRPdNTLUxTVu87D5nXjoMPrgk12QDwVFGKCFCgQTxnfY12xSg6KlW4lMG0v+PfYGwQ=="
      }
    }
  }
}